
Microsoft Visual Studio Solution File, Format Version 12.00
# Visual Studio Version 17
VisualStudioVersion = 17.0.31903.59
MinimumVisualStudioVersion = 10.0.40219.1
Project("{2150E333-8FDC-42A3-9474-1A3956D46DE8}") = "src", "src", "{827E0CD3-B72D-47B6-A68D-7590B98EB39B}"
EndProject
Project("{FAE04EC0-301F-11D3-BF4B-00C04F79EFBC}") = "Zaphira.Domain", "src\Zaphira.Domain\Zaphira.Domain.csproj", "{017F202B-6584-454D-B187-184F9D1A300B}"
EndProject
Project("{FAE04EC0-301F-11D3-BF4B-00C04F79EFBC}") = "Zaphira.Application", "src\Zaphira.Application\Zaphira.Application.csproj", "{E9052C53-C906-4AAA-A991-DD33859537F1}"
EndProject
Project("{FAE04EC0-301F-11D3-BF4B-00C04F79EFBC}") = "Zaphira.Contracts", "src\Zaphira.Contracts\Zaphira.Contracts.csproj", "{B61C65D0-4FC8-4FC3-AAFD-CD2F84CAC612}"
EndProject
Project("{FAE04EC0-301F-11D3-BF4B-00C04F79EFBC}") = "Zaphira.Infrastructure", "src\Zaphira.Infrastructure\Zaphira.Infrastructure.csproj", "{0D165C32-808D-4878-BB54-5A57D1D49F8D}"
EndProject
Project("{FAE04EC0-301F-11D3-BF4B-00C04F79EFBC}") = "Zaphira.Server", "src\Zaphira.Server\Zaphira.Server.csproj", "{FF281F05-F060-4557-937F-13AF40E677ED}"
EndProject
Project("{FAE04EC0-301F-11D3-BF4B-00C04F79EFBC}") = "Zaphira.Client", "src\Zaphira.Client\Zaphira.Client.csproj", "{22498D7B-51CB-4F5A-BFB6-B93499CC1A6E}"
EndProject
Project("{2150E333-8FDC-42A3-9474-1A3956D46DE8}") = "tests", "tests", "{0AB3BF05-4346-4AA6-1389-037BE0695223}"
EndProject
Project("{FAE04EC0-301F-11D3-BF4B-00C04F79EFBC}") = "Zaphira.Domain.Tests", "tests\Zaphira.Domain.Tests\Zaphira.Domain.Tests.csproj", "{9A5AFBE6-0CAB-47AC-B26E-24E64BC5C4A3}"
EndProject
Project("{FAE04EC0-301F-11D3-BF4B-00C04F79EFBC}") = "Zaphira.Application.Tests", "tests\Zaphira.Application.Tests\Zaphira.Application.Tests.csproj", "{C0D2E31E-908C-4B67-9B2D-CE4C2ADDD725}"
EndProject
Project("{FAE04EC0-301F-11D3-BF4B-00C04F79EFBC}") = "Zaphira.Infrastructure.Tests", "tests\Zaphira.Infrastructure.Tests\Zaphira.Infrastructure.Tests.csproj", "{31EC68B7-3B0E-4661-84F8-078965379CD3}"
EndProject
Project("{FAE04EC0-301F-11D3-BF4B-00C04F79EFBC}") = "Zaphira.Server.Tests", "tests\Zaphira.Server.Tests\Zaphira.Server.Tests.csproj", "{2B04E61F-04F0-4093-B934-29F23E11E0F1}"
EndProject
Project("{FAE04EC0-301F-11D3-BF4B-00C04F79EFBC}") = "Zaphira.Client.Tests", "tests\Zaphira.Client.Tests\Zaphira.Client.Tests.csproj", "{4D441C2C-CA78-4370-85AA-A2EEA96002EF}"
EndProject
Global
	GlobalSection(SolutionConfigurationPlatforms) = preSolution
		Debug|Any CPU = Debug|Any CPU
		Debug|x64 = Debug|x64
		Debug|x86 = Debug|x86
		Release|Any CPU = Release|Any CPU
		Release|x64 = Release|x64
		Release|x86 = Release|x86
	EndGlobalSection
	GlobalSection(ProjectConfigurationPlatforms) = postSolution
		{017F202B-6584-454D-B187-184F9D1A300B}.Debug|Any CPU.ActiveCfg = Debug|Any CPU
		{017F202B-6584-454D-B187-184F9D1A300B}.Debug|Any CPU.Build.0 = Debug|Any CPU
		{017F202B-6584-454D-B187-184F9D1A300B}.Debug|x64.ActiveCfg = Debug|Any CPU
		{017F202B-6584-454D-B187-184F9D1A300B}.Debug|x64.Build.0 = Debug|Any CPU
		{017F202B-6584-454D-B187-184F9D1A300B}.Debug|x86.ActiveCfg = Debug|Any CPU
		{017F202B-6584-454D-B187-184F9D1A300B}.Debug|x86.Build.0 = Debug|Any CPU
		{017F202B-6584-454D-B187-184F9D1A300B}.Release|Any CPU.ActiveCfg = Release|Any CPU
		{017F202B-6584-454D-B187-184F9D1A300B}.Release|Any CPU.Build.0 = Release|Any CPU
		{017F202B-6584-454D-B187-184F9D1A300B}.Release|x64.ActiveCfg = Release|Any CPU
		{017F202B-6584-454D-B187-184F9D1A300B}.Release|x64.Build.0 = Release|Any CPU
		{017F202B-6584-454D-B187-184F9D1A300B}.Release|x86.ActiveCfg = Release|Any CPU
		{017F202B-6584-454D-B187-184F9D1A300B}.Release|x86.Build.0 = Release|Any CPU
		{E9052C53-C906-4AAA-A991-DD33859537F1}.Debug|Any CPU.ActiveCfg = Debug|Any CPU
		{E9052C53-C906-4AAA-A991-DD33859537F1}.Debug|Any CPU.Build.0 = Debug|Any CPU
		{E9052C53-C906-4AAA-A991-DD33859537F1}.Debug|x64.ActiveCfg = Debug|Any CPU
		{E9052C53-C906-4AAA-A991-DD33859537F1}.Debug|x64.Build.0 = Debug|Any CPU
		{E9052C53-C906-4AAA-A991-DD33859537F1}.Debug|x86.ActiveCfg = Debug|Any CPU
		{E9052C53-C906-4AAA-A991-DD33859537F1}.Debug|x86.Build.0 = Debug|Any CPU
		{E9052C53-C906-4AAA-A991-DD33859537F1}.Release|Any CPU.ActiveCfg = Release|Any CPU
		{E9052C53-C906-4AAA-A991-DD33859537F1}.Release|Any CPU.Build.0 = Release|Any CPU
		{E9052C53-C906-4AAA-A991-DD33859537F1}.Release|x64.ActiveCfg = Release|Any CPU
		{E9052C53-C906-4AAA-A991-DD33859537F1}.Release|x64.Build.0 = Release|Any CPU
		{E9052C53-C906-4AAA-A991-DD33859537F1}.Release|x86.ActiveCfg = Release|Any CPU
		{E9052C53-C906-4AAA-A991-DD33859537F1}.Release|x86.Build.0 = Release|Any CPU
		{B61C65D0-4FC8-4FC3-AAFD-CD2F84CAC612}.Debug|Any CPU.ActiveCfg = Debug|Any CPU
		{B61C65D0-4FC8-4FC3-AAFD-CD2F84CAC612}.Debug|Any CPU.Build.0 = Debug|Any CPU
		{B61C65D0-4FC8-4FC3-AAFD-CD2F84CAC612}.Debug|x64.ActiveCfg = Debug|Any CPU
		{B61C65D0-4FC8-4FC3-AAFD-CD2F84CAC612}.Debug|x64.Build.0 = Debug|Any CPU
		{B61C65D0-4FC8-4FC3-AAFD-CD2F84CAC612}.Debug|x86.ActiveCfg = Debug|Any CPU
		{B61C65D0-4FC8-4FC3-AAFD-CD2F84CAC612}.Debug|x86.Build.0 = Debug|Any CPU
		{B61C65D0-4FC8-4FC3-AAFD-CD2F84CAC612}.Release|Any CPU.ActiveCfg = Release|Any CPU
		{B61C65D0-4FC8-4FC3-AAFD-CD2F84CAC612}.Release|Any CPU.Build.0 = Release|Any CPU
		{B61C65D0-4FC8-4FC3-AAFD-CD2F84CAC612}.Release|x64.ActiveCfg = Release|Any CPU
		{B61C65D0-4FC8-4FC3-AAFD-CD2F84CAC612}.Release|x64.Build.0 = Release|Any CPU
		{B61C65D0-4FC8-4FC3-AAFD-CD2F84CAC612}.Release|x86.ActiveCfg = Release|Any CPU
		{B61C65D0-4FC8-4FC3-AAFD-CD2F84CAC612}.Release|x86.Build.0 = Release|Any CPU
		{0D165C32-808D-4878-BB54-5A57D1D49F8D}.Debug|Any CPU.ActiveCfg = Debug|Any CPU
		{0D165C32-808D-4878-BB54-5A57D1D49F8D}.Debug|Any CPU.Build.0 = Debug|Any CPU
		{0D165C32-808D-4878-BB54-5A57D1D49F8D}.Debug|x64.ActiveCfg = Debug|Any CPU
		{0D165C32-808D-4878-BB54-5A57D1D49F8D}.Debug|x64.Build.0 = Debug|Any CPU
		{0D165C32-808D-4878-BB54-5A57D1D49F8D}.Debug|x86.ActiveCfg = Debug|Any CPU
		{0D165C32-808D-4878-BB54-5A57D1D49F8D}.Debug|x86.Build.0 = Debug|Any CPU
		{0D165C32-808D-4878-BB54-5A57D1D49F8D}.Release|Any CPU.ActiveCfg = Release|Any CPU
		{0D165C32-808D-4878-BB54-5A57D1D49F8D}.Release|Any CPU.Build.0 = Release|Any CPU
		{0D165C32-808D-4878-BB54-5A57D1D49F8D}.Release|x64.ActiveCfg = Release|Any CPU
		{0D165C32-808D-4878-BB54-5A57D1D49F8D}.Release|x64.Build.0 = Release|Any CPU
		{0D165C32-808D-4878-BB54-5A57D1D49F8D}.Release|x86.ActiveCfg = Release|Any CPU
		{0D165C32-808D-4878-BB54-5A57D1D49F8D}.Release|x86.Build.0 = Release|Any CPU
		{FF281F05-F060-4557-937F-13AF40E677ED}.Debug|Any CPU.ActiveCfg = Debug|Any CPU
		{FF281F05-F060-4557-937F-13AF40E677ED}.Debug|Any CPU.Build.0 = Debug|Any CPU
		{FF281F05-F060-4557-937F-13AF40E677ED}.Debug|x64.ActiveCfg = Debug|Any CPU
		{FF281F05-F060-4557-937F-13AF40E677ED}.Debug|x64.Build.0 = Debug|Any CPU
		{FF281F05-F060-4557-937F-13AF40E677ED}.Debug|x86.ActiveCfg = Debug|Any CPU
		{FF281F05-F060-4557-937F-13AF40E677ED}.Debug|x86.Build.0 = Debug|Any CPU
		{FF281F05-F060-4557-937F-13AF40E677ED}.Release|Any CPU.ActiveCfg = Release|Any CPU
		{FF281F05-F060-4557-937F-13AF40E677ED}.Release|Any CPU.Build.0 = Release|Any CPU
		{FF281F05-F060-4557-937F-13AF40E677ED}.Release|x64.ActiveCfg = Release|Any CPU
		{FF281F05-F060-4557-937F-13AF40E677ED}.Release|x64.Build.0 = Release|Any CPU
		{FF281F05-F060-4557-937F-13AF40E677ED}.Release|x86.ActiveCfg = Release|Any CPU
		{FF281F05-F060-4557-937F-13AF40E677ED}.Release|x86.Build.0 = Release|Any CPU
		{22498D7B-51CB-4F5A-BFB6-B93499CC1A6E}.Debug|Any CPU.ActiveCfg = Debug|Any CPU
		{22498D7B-51CB-4F5A-BFB6-B93499CC1A6E}.Debug|Any CPU.Build.0 = Debug|Any CPU
		{22498D7B-51CB-4F5A-BFB6-B93499CC1A6E}.Debug|x64.ActiveCfg = Debug|Any CPU
		{22498D7B-51CB-4F5A-BFB6-B93499CC1A6E}.Debug|x64.Build.0 = Debug|Any CPU
		{22498D7B-51CB-4F5A-BFB6-B93499CC1A6E}.Debug|x86.ActiveCfg = Debug|Any CPU
		{22498D7B-51CB-4F5A-BFB6-B93499CC1A6E}.Debug|x86.Build.0 = Debug|Any CPU
		{22498D7B-51CB-4F5A-BFB6-B93499CC1A6E}.Release|Any CPU.ActiveCfg = Release|Any CPU
		{22498D7B-51CB-4F5A-BFB6-B93499CC1A6E}.Release|Any CPU.Build.0 = Release|Any CPU
		{22498D7B-51CB-4F5A-BFB6-B93499CC1A6E}.Release|x64.ActiveCfg = Release|Any CPU
		{22498D7B-51CB-4F5A-BFB6-B93499CC1A6E}.Release|x64.Build.0 = Release|Any CPU
		{22498D7B-51CB-4F5A-BFB6-B93499CC1A6E}.Release|x86.ActiveCfg = Release|Any CPU
		{22498D7B-51CB-4F5A-BFB6-B93499CC1A6E}.Release|x86.Build.0 = Release|Any CPU
		{9A5AFBE6-0CAB-47AC-B26E-24E64BC5C4A3}.Debug|Any CPU.ActiveCfg = Debug|Any CPU
		{9A5AFBE6-0CAB-47AC-B26E-24E64BC5C4A3}.Debug|Any CPU.Build.0 = Debug|Any CPU
		{9A5AFBE6-0CAB-47AC-B26E-24E64BC5C4A3}.Debug|x64.ActiveCfg = Debug|Any CPU
		{9A5AFBE6-0CAB-47AC-B26E-24E64BC5C4A3}.Debug|x64.Build.0 = Debug|Any CPU
		{9A5AFBE6-0CAB-47AC-B26E-24E64BC5C4A3}.Debug|x86.ActiveCfg = Debug|Any CPU
		{9A5AFBE6-0CAB-47AC-B26E-24E64BC5C4A3}.Debug|x86.Build.0 = Debug|Any CPU
		{9A5AFBE6-0CAB-47AC-B26E-24E64BC5C4A3}.Release|Any CPU.ActiveCfg = Release|Any CPU
		{9A5AFBE6-0CAB-47AC-B26E-24E64BC5C4A3}.Release|Any CPU.Build.0 = Release|Any CPU
		{9A5AFBE6-0CAB-47AC-B26E-24E64BC5C4A3}.Release|x64.ActiveCfg = Release|Any CPU
		{9A5AFBE6-0CAB-47AC-B26E-24E64BC5C4A3}.Release|x64.Build.0 = Release|Any CPU
		{9A5AFBE6-0CAB-47AC-B26E-24E64BC5C4A3}.Release|x86.ActiveCfg = Release|Any CPU
		{9A5AFBE6-0CAB-47AC-B26E-24E64BC5C4A3}.Release|x86.Build.0 = Release|Any CPU
		{C0D2E31E-908C-4B67-9B2D-CE4C2ADDD725}.Debug|Any CPU.ActiveCfg = Debug|Any CPU
		{C0D2E31E-908C-4B67-9B2D-CE4C2ADDD725}.Debug|Any CPU.Build.0 = Debug|Any CPU
		{C0D2E31E-908C-4B67-9B2D-CE4C2ADDD725}.Debug|x64.ActiveCfg = Debug|Any CPU
		{C0D2E31E-908C-4B67-9B2D-CE4C2ADDD725}.Debug|x64.Build.0 = Debug|Any CPU
		{C0D2E31E-908C-4B67-9B2D-CE4C2ADDD725}.Debug|x86.ActiveCfg = Debug|Any CPU
		{C0D2E31E-908C-4B67-9B2D-CE4C2ADDD725}.Debug|x86.Build.0 = Debug|Any CPU
		{C0D2E31E-908C-4B67-9B2D-CE4C2ADDD725}.Release|Any CPU.ActiveCfg = Release|Any CPU
		{C0D2E31E-908C-4B67-9B2D-CE4C2ADDD725}.Release|Any CPU.Build.0 = Release|Any CPU
		{C0D2E31E-908C-4B67-9B2D-CE4C2ADDD725}.Release|x64.ActiveCfg = Release|Any CPU
		{C0D2E31E-908C-4B67-9B2D-CE4C2ADDD725}.Release|x64.Build.0 = Release|Any CPU
		{C0D2E31E-908C-4B67-9B2D-CE4C2ADDD725}.Release|x86.ActiveCfg = Release|Any CPU
		{C0D2E31E-908C-4B67-9B2D-CE4C2ADDD725}.Release|x86.Build.0 = Release|Any CPU
		{31EC68B7-3B0E-4661-84F8-078965379CD3}.Debug|Any CPU.ActiveCfg = Debug|Any CPU
		{31EC68B7-3B0E-4661-84F8-078965379CD3}.Debug|Any CPU.Build.0 = Debug|Any CPU
		{31EC68B7-3B0E-4661-84F8-078965379CD3}.Debug|x64.ActiveCfg = Debug|Any CPU
		{31EC68B7-3B0E-4661-84F8-078965379CD3}.Debug|x64.Build.0 = Debug|Any CPU
		{31EC68B7-3B0E-4661-84F8-078965379CD3}.Debug|x86.ActiveCfg = Debug|Any CPU
		{31EC68B7-3B0E-4661-84F8-078965379CD3}.Debug|x86.Build.0 = Debug|Any CPU
		{31EC68B7-3B0E-4661-84F8-078965379CD3}.Release|Any CPU.ActiveCfg = Release|Any CPU
		{31EC68B7-3B0E-4661-84F8-078965379CD3}.Release|Any CPU.Build.0 = Release|Any CPU
		{31EC68B7-3B0E-4661-84F8-078965379CD3}.Release|x64.ActiveCfg = Release|Any CPU
		{31EC68B7-3B0E-4661-84F8-078965379CD3}.Release|x64.Build.0 = Release|Any CPU
		{31EC68B7-3B0E-4661-84F8-078965379CD3}.Release|x86.ActiveCfg = Release|Any CPU
		{31EC68B7-3B0E-4661-84F8-078965379CD3}.Release|x86.Build.0 = Release|Any CPU
		{2B04E61F-04F0-4093-B934-29F23E11E0F1}.Debug|Any CPU.ActiveCfg = Debug|Any CPU
		{2B04E61F-04F0-4093-B934-29F23E11E0F1}.Debug|Any CPU.Build.0 = Debug|Any CPU
		{2B04E61F-04F0-4093-B934-29F23E11E0F1}.Debug|x64.ActiveCfg = Debug|Any CPU
		{2B04E61F-04F0-4093-B934-29F23E11E0F1}.Debug|x64.Build.0 = Debug|Any CPU
		{2B04E61F-04F0-4093-B934-29F23E11E0F1}.Debug|x86.ActiveCfg = Debug|Any CPU
		{2B04E61F-04F0-4093-B934-29F23E11E0F1}.Debug|x86.Build.0 = Debug|Any CPU
		{2B04E61F-04F0-4093-B934-29F23E11E0F1}.Release|Any CPU.ActiveCfg = Release|Any CPU
		{2B04E61F-04F0-4093-B934-29F23E11E0F1}.Release|Any CPU.Build.0 = Release|Any CPU
		{2B04E61F-04F0-4093-B934-29F23E11E0F1}.Release|x64.ActiveCfg = Release|Any CPU
		{2B04E61F-04F0-4093-B934-29F23E11E0F1}.Release|x64.Build.0 = Release|Any CPU
		{2B04E61F-04F0-4093-B934-29F23E11E0F1}.Release|x86.ActiveCfg = Release|Any CPU
		{2B04E61F-04F0-4093-B934-29F23E11E0F1}.Release|x86.Build.0 = Release|Any CPU
		{4D441C2C-CA78-4370-85AA-A2EEA96002EF}.Debug|Any CPU.ActiveCfg = Debug|Any CPU
		{4D441C2C-CA78-4370-85AA-A2EEA96002EF}.Debug|Any CPU.Build.0 = Debug|Any CPU
		{4D441C2C-CA78-4370-85AA-A2EEA96002EF}.Debug|x64.ActiveCfg = Debug|Any CPU
		{4D441C2C-CA78-4370-85AA-A2EEA96002EF}.Debug|x64.Build.0 = Debug|Any CPU
		{4D441C2C-CA78-4370-85AA-A2EEA96002EF}.Debug|x86.ActiveCfg = Debug|Any CPU
		{4D441C2C-CA78-4370-85AA-A2EEA96002EF}.Debug|x86.Build.0 = Debug|Any CPU
		{4D441C2C-CA78-4370-85AA-A2EEA96002EF}.Release|Any CPU.ActiveCfg = Release|Any CPU
		{4D441C2C-CA78-4370-85AA-A2EEA96002EF}.Release|Any CPU.Build.0 = Release|Any CPU
		{4D441C2C-CA78-4370-85AA-A2EEA96002EF}.Release|x64.ActiveCfg = Release|Any CPU
		{4D441C2C-CA78-4370-85AA-A2EEA96002EF}.Release|x64.Build.0 = Release|Any CPU
		{4D441C2C-CA78-4370-85AA-A2EEA96002EF}.Release|x86.ActiveCfg = Release|Any CPU
		{4D441C2C-CA78-4370-85AA-A2EEA96002EF}.Release|x86.Build.0 = Release|Any CPU
	EndGlobalSection
	GlobalSection(SolutionProperties) = preSolution
		HideSolutionNode = FALSE
	EndGlobalSection
	GlobalSection(NestedProjects) = preSolution
		{017F202B-6584-454D-B187-184F9D1A300B} = {827E0CD3-B72D-47B6-A68D-7590B98EB39B}
		{E9052C53-C906-4AAA-A991-DD33859537F1} = {827E0CD3-B72D-47B6-A68D-7590B98EB39B}
		{B61C65D0-4FC8-4FC3-AAFD-CD2F84CAC612} = {827E0CD3-B72D-47B6-A68D-7590B98EB39B}
		{0D165C32-808D-4878-BB54-5A57D1D49F8D} = {827E0CD3-B72D-47B6-A68D-7590B98EB39B}
		{FF281F05-F060-4557-937F-13AF40E677ED} = {827E0CD3-B72D-47B6-A68D-7590B98EB39B}
		{22498D7B-51CB-4F5A-BFB6-B93499CC1A6E} = {827E0CD3-B72D-47B6-A68D-7590B98EB39B}
		{9A5AFBE6-0CAB-47AC-B26E-24E64BC5C4A3} = {0AB3BF05-4346-4AA6-1389-037BE0695223}
		{C0D2E31E-908C-4B67-9B2D-CE4C2ADDD725} = {0AB3BF05-4346-4AA6-1389-037BE0695223}
		{31EC68B7-3B0E-4661-84F8-078965379CD3} = {0AB3BF05-4346-4AA6-1389-037BE0695223}
		{2B04E61F-04F0-4093-B934-29F23E11E0F1} = {0AB3BF05-4346-4AA6-1389-037BE0695223}
		{4D441C2C-CA78-4370-85AA-A2EEA96002EF} = {0AB3BF05-4346-4AA6-1389-037BE0695223}
	EndGlobalSection
EndGlobal
